
Microsoft Visual Studio Solution File, Format Version 12.00
# Visual Studio Version 16
VisualStudioVersion = 16.0.29001.49
MinimumVisualStudioVersion = 10.0.40219.1
Project("{FAE04EC0-301F-11D3-BF4B-00C04F79EFBC}") = "Microfono", "Microfono\Microfono.csproj", "{A31C5DA0-7587-4211-A15F-D12CC273059E}"
EndProject
Global
	GlobalSection(SolutionConfigurationPlatforms) = preSolution
		Debug|Any CPU = Debug|Any CPU
		Release|Any CPU = Release|Any CPU
	EndGlobalSection
	GlobalSection(ProjectConfigurationPlatforms) = postSolution
		{A31C5DA0-7587-4211-A15F-D12CC273059E}.Debug|Any CPU.ActiveCfg = Debug|Any CPU
		{A31C5DA0-7587-4211-A15F-D12CC273059E}.Debug|Any CPU.Build.0 = Debug|Any CPU
		{A31C5DA0-7587-4211-A15F-D12CC273059E}.Release|Any CPU.ActiveCfg = Release|Any CPU
		{A31C5DA0-7587-4211-A15F-D12CC273059E}.Release|Any CPU.Build.0 = Release|Any CPU
	EndGlobalSection
	GlobalSection(SolutionProperties) = preSolution
		HideSolutionNode = FALSE
	EndGlobalSection
	GlobalSection(ExtensibilityGlobals) = postSolution
		SolutionGuid = {BEABA779-57E2-42A8-BF21-CEBA5646A0CB}
	EndGlobalSection
EndGlobal
